# THIS IS AN AUTOGENERATED FILE. DO NOT EDIT THIS FILE DIRECTLY.
# yarn lockfile v1


async-lock@^1.4.0:
  version "1.4.0"
  resolved "https://registry.yarnpkg.com/async-lock/-/async-lock-1.4.0.tgz#c8b6630eff68fbbdd8a5b6eb763dac3bfbb8bf02"
  integrity sha512-coglx5yIWuetakm3/1dsX9hxCNox22h7+V80RQOu2XUUMidtArxKoZoOtHUPuR84SycKTXzgGzAUR5hJxujyJQ==

bignumber.js@9.0.2:
  version "9.0.2"
  resolved "https://registry.yarnpkg.com/bignumber.js/-/bignumber.js-9.0.2.tgz#71c6c6bed38de64e24a65ebe16cfcf23ae693673"
  integrity sha512-GAcQvbpsM0pUb0zw1EI0KhQEZ+lRwR5fYaAp3vPOYuP7aDvGy6cVN6XHLauvF8SOga2y0dcLcjt3iQDTSEliyw==

bignumber.js@^9.1.1:
  version "9.1.1"
  resolved "https://registry.yarnpkg.com/bignumber.js/-/bignumber.js-9.1.1.tgz#c4df7dc496bd849d4c9464344c1aa74228b4dac6"
  integrity sha512-pHm4LsMJ6lzgNGVfZHjMoO8sdoRhOzOH4MLmY65Jg70bpxCKu5iOHNJyfF6OyvYw7t8Fpf35RuzUyqnQsj8Vig==

blakejs@1.2.1:
  version "1.2.1"
  resolved "https://registry.yarnpkg.com/blakejs/-/blakejs-1.2.1.tgz#5057e4206eadb4a97f7c0b6e197a505042fc3814"
  integrity sha512-QXUSXI3QVc/gJME0dBpXrag1kbzOqCjCX8/b54ntNyW6sjtoqxqRk3LTmXzaJoh71zMsDCjM+47jS7XiwN/+fQ==

byte-base64@1.1.0:
  version "1.1.0"
  resolved "https://registry.yarnpkg.com/byte-base64/-/byte-base64-1.1.0.tgz#e28afbdc9d122c9d3ca716b8b5cc696dbedf8d08"
  integrity sha512-56cXelkJrVMdCY9V/3RfDxTh4VfMFCQ5km7B7GkIGfo4bcPL9aACyJLB0Ms3Ezu5rsHmLB2suis96z4fLM03DA==

crypto-js@3.1.9-1:
  version "3.1.9-1"
  resolved "https://registry.yarnpkg.com/crypto-js/-/crypto-js-3.1.9-1.tgz#fda19e761fc077e01ffbfdc6e9fdfc59e8806cd8"
  integrity sha512-W93aKztssqf29OvUlqfikzGyYbD1rpkXvGP9IQ1JchLY3bxaLXZSWYbwrtib2vk8DobrDzX7PIXcDWHp0B6Ymw==

multi-nano-web@^1.4.42:
  version "1.4.42"
  resolved "https://registry.yarnpkg.com/multi-nano-web/-/multi-nano-web-1.4.42.tgz#ecb9ae7e59338cb2a19ebee9fb3f67ec8da82780"
  integrity sha512-8r8A9/yw4a1cke5oDeyAEkomOKmMZcsjduaz9rxno2EiQhOKtQTxfQMtjqwuWYx/tOrgTgWDmm6RwEBQKilfqQ==
  dependencies:
    bignumber.js "9.0.2"
    blakejs "1.2.1"
    byte-base64 "1.1.0"
    crypto-js "3.1.9-1"

reconnecting-websocket@^4.4.0:
  version "4.4.0"
  resolved "https://registry.yarnpkg.com/reconnecting-websocket/-/reconnecting-websocket-4.4.0.tgz#3b0e5b96ef119e78a03135865b8bb0af1b948783"
  integrity sha512-D2E33ceRPga0NvTDhJmphEgJ7FUYF0v4lr1ki0csq06OdlxKfugGzN0dSkxM/NfqCxYELK4KcaTOUOjTV6Dcng==
